{
  "name": "react-portfolio-template",
  "version": "0.1.0",
  "lockfileVersion": 1,
  "requires": true,
  "dependencies": {
    "@vercel/analytics": {
      "version": "0.1.8",
      "resolved": "https://registry.npmjs.org/@vercel/analytics/-/analytics-0.1.8.tgz",
      "integrity": "sha512-PQrOI8BJ9qUiVJuQfnKiJd15eDjDJH9TBKsNeMrtelT4NAk7d9mBVz1CoZkvoFnHQ0OW7Xnqmr1F2nScfAnznQ=="
    }
  }
}
